
Microsoft Visual Studio Solution File, Format Version 12.00
# Visual Studio Version 17
VisualStudioVersion = 17.14.36109.1 d17.14
MinimumVisualStudioVersion = 10.0.40219.1
Project("{FAE04EC0-301F-11D3-BF4B-00C04F79EFBC}") = "Training", "Training\Training.csproj", "{5CF80730-1334-49A1-88A6-4F5F1432B1B9}"
EndProject
Global
	GlobalSection(SolutionConfigurationPlatforms) = preSolution
		Debug|Any CPU = Debug|Any CPU
		Release|Any CPU = Release|Any CPU
	EndGlobalSection
	GlobalSection(ProjectConfigurationPlatforms) = postSolution
		{5CF80730-1334-49A1-88A6-4F5F1432B1B9}.Debug|Any CPU.ActiveCfg = Debug|Any CPU
		{5CF80730-1334-49A1-88A6-4F5F1432B1B9}.Debug|Any CPU.Build.0 = Debug|Any CPU
		{5CF80730-1334-49A1-88A6-4F5F1432B1B9}.Release|Any CPU.ActiveCfg = Release|Any CPU
		{5CF80730-1334-49A1-88A6-4F5F1432B1B9}.Release|Any CPU.Build.0 = Release|Any CPU
	EndGlobalSection
	GlobalSection(SolutionProperties) = preSolution
		HideSolutionNode = FALSE
	EndGlobalSection
	GlobalSection(ExtensibilityGlobals) = postSolution
		SolutionGuid = {DD12CC00-1FD6-49A7-8053-24ED7F718BFC}
	EndGlobalSection
EndGlobal
